PODS:
  - MERPageViewController (1.2.2)

DEPENDENCIES:
  - MERPageViewController (from `../`)

EXTERNAL SOURCES:
  MERPageViewController:
    :path: "../"

SPEC CHECKSUMS:
  MERPageViewController: b4322eb4c1ca65f2fadb4a7784614682f8082a22

PODFILE CHECKSUM: 7771928abe212a380059ca80fc4be6b4e4ffefbe

COCOAPODS: 1.10.0.beta.1
