PODS:
  - MERPageViewController (1.0.3)

DEPENDENCIES:
  - MERPageViewController (from `../`)

EXTERNAL SOURCES:
  MERPageViewController:
    :path: "../"

SPEC CHECKSUMS:
  MERPageViewController: e8dcf11ed69766e255aea71d8811d47feea98451

PODFILE CHECKSUM: 55c5da43104bc5a78cc18aee2b87a6ed25733791

COCOAPODS: 1.7.1
