PODS:
  - MERPageViewController (1.1.0)

DEPENDENCIES:
  - MERPageViewController (from `../`)

EXTERNAL SOURCES:
  MERPageViewController:
    :path: "../"

SPEC CHECKSUMS:
  MERPageViewController: 270cb0cecc3aa97a28101032887776cdee1b919d

PODFILE CHECKSUM: 55c5da43104bc5a78cc18aee2b87a6ed25733791

COCOAPODS: 1.8.4
